// !$*UTF8*$!
{
	archiveVersion = 1;
	classes = {
	};
	objectVersion = 50;
	objects = {

/* Begin PBXBuildFile section */
		22831A82F982A196B0AA7AAB /* Pods_InitialSteps_InitialStepsUITests.framework in Frameworks */ = {isa = PBXBuildFile; fileRef = AAFAF9A65C4F283FF7E5B1D7 /* Pods_InitialSteps_InitialStepsUITests.framework */; };
		BE4E2034244FC05700694577 /* AppDelegate.swift in Sources */ = {isa = PBXBuildFile; fileRef = BE4E2033244FC05700694577 /* AppDelegate.swift */; };
		BE4E2036244FC05700694577 /* SceneDelegate.swift in Sources */ = {isa = PBXBuildFile; fileRef = BE4E2035244FC05700694577 /* SceneDelegate.swift */; };
		BE4E2038244FC05700694577 /* ViewController.swift in Sources */ = {isa = PBXBuildFile; fileRef = BE4E2037244FC05700694577 /* ViewController.swift */; };
		BE4E203D244FC05A00694577 /* Assets.xcassets in Resources */ = {isa = PBXBuildFile; fileRef = BE4E203C244FC05A00694577 /* Assets.xcassets */; };
		BE4E2040244FC05A00694577 /* LaunchScreen.storyboard in Resources */ = {isa = PBXBuildFile; fileRef = BE4E203E244FC05A00694577 /* LaunchScreen.storyboard */; };
		BE4E204B244FC05A00694577 /* InitialStepsTests.swift in Sources */ = {isa = PBXBuildFile; fileRef = BE4E204A244FC05A00694577 /* InitialStepsTests.swift */; };
		BE4E2056244FC05A00694577 /* InitialStepsUITests.swift in Sources */ = {isa = PBXBuildFile; fileRef = BE4E2055244FC05A00694577 /* InitialStepsUITests.swift */; };
		BE4E2064244FC6F700694577 /* MainScreen.swift in Sources */ = {isa = PBXBuildFile; fileRef = BE4E2063244FC6F700694577 /* MainScreen.swift */; };
		C78F833E636DE6C8902087DE /* Pods_InitialSteps.framework in Frameworks */ = {isa = PBXBuildFile; fileRef = 6904395E71AF02C6CBCACDAC /* Pods_InitialSteps.framework */; };
		C9D9EA10EA75914539ED44D9 /* Pods_InitialStepsTests.framework in Frameworks */ = {isa = PBXBuildFile; fileRef = FFE697B5EB8217FFE80EB7D4 /* Pods_InitialStepsTests.framework */; };
/* End PBXBuildFile section */

/* Begin PBXContainerItemProxy section */
		BE4E2047244FC05A00694577 /* PBXContainerItemProxy */ = {
			isa = PBXContainerItemProxy;
			containerPortal = BE4E2028244FC05700694577 /* Project object */;
			proxyType = 1;
			remoteGlobalIDString = BE4E202F244FC05700694577;
			remoteInfo = InitialSteps;
		};
		BE4E2052244FC05A00694577 /* PBXContainerItemProxy */ = {
			isa = PBXContainerItemProxy;
			containerPortal = BE4E2028244FC05700694577 /* Project object */;
			proxyType = 1;
			remoteGlobalIDString = BE4E202F244FC05700694577;
			remoteInfo = InitialSteps;
		};
/* End PBXContainerItemProxy section */

/* Begin PBXFileReference section */
		472CE0732CDEC128A7E10860 /* Pods-InitialSteps.debug.xcconfig */ = {isa = PBXFileReference; includeInIndex = 1; lastKnownFileType = text.xcconfig; name = "Pods-InitialSteps.debug.xcconfig"; path = "Target Support Files/Pods-InitialSteps/Pods-InitialSteps.debug.xcconfig"; sourceTree = "<group>"; };
		5B6A489BBB9EE67CD5488384 /* Pods-InitialSteps-InitialStepsUITests.release.xcconfig */ = {isa = PBXFileReference; includeInIndex = 1; lastKnownFileType = text.xcconfig; name = "Pods-InitialSteps-InitialStepsUITests.release.xcconfig"; path = "Target Support Files/Pods-InitialSteps-InitialStepsUITests/Pods-InitialSteps-InitialStepsUITests.release.xcconfig"; sourceTree = "<group>"; };
		6904395E71AF02C6CBCACDAC /* Pods_InitialSteps.framework */ = {isa = PBXFileReference; explicitFileType = wrapper.framework; includeInIndex = 0; path = Pods_InitialSteps.framework; sourceTree = BUILT_PRODUCTS_DIR; };
		6AEAD5287B27F9AF64EABAA8 /* Pods-InitialStepsTests.release.xcconfig */ = {isa = PBXFileReference; includeInIndex = 1; lastKnownFileType = text.xcconfig; name = "Pods-InitialStepsTests.release.xcconfig"; path = "Target Support Files/Pods-InitialStepsTests/Pods-InitialStepsTests.release.xcconfig"; sourceTree = "<group>"; };
		887D3CAB574D6FD7733109D4 /* Pods-InitialStepsTests.debug.xcconfig */ = {isa = PBXFileReference; includeInIndex = 1; lastKnownFileType = text.xcconfig; name = "Pods-InitialStepsTests.debug.xcconfig"; path = "Target Support Files/Pods-InitialStepsTests/Pods-InitialStepsTests.debug.xcconfig"; sourceTree = "<group>"; };
		9CC2DB698A8DFCF715C75FA2 /* Pods-InitialSteps-InitialStepsUITests.debug.xcconfig */ = {isa = PBXFileReference; includeInIndex = 1; lastKnownFileType = text.xcconfig; name = "Pods-InitialSteps-InitialStepsUITests.debug.xcconfig"; path = "Target Support Files/Pods-InitialSteps-InitialStepsUITests/Pods-InitialSteps-InitialStepsUITests.debug.xcconfig"; sourceTree = "<group>"; };
		AAFAF9A65C4F283FF7E5B1D7 /* Pods_InitialSteps_InitialStepsUITests.framework */ = {isa = PBXFileReference; explicitFileType = wrapper.framework; includeInIndex = 0; path = Pods_InitialSteps_InitialStepsUITests.framework; sourceTree = BUILT_PRODUCTS_DIR; };
		BE4E2030244FC05700694577 /* InitialSteps.app */ = {isa = PBXFileReference; explicitFileType = wrapper.application; includeInIndex = 0; path = InitialSteps.app; sourceTree = BUILT_PRODUCTS_DIR; };
		BE4E2033244FC05700694577 /* AppDelegate.swift */ = {isa = PBXFileReference; lastKnownFileType = sourcecode.swift; path = AppDelegate.swift; sourceTree = "<group>"; };
		BE4E2035244FC05700694577 /* SceneDelegate.swift */ = {isa = PBXFileReference; lastKnownFileType = sourcecode.swift; path = SceneDelegate.swift; sourceTree = "<group>"; };
		BE4E2037244FC05700694577 /* ViewController.swift */ = {isa = PBXFileReference; lastKnownFileType = sourcecode.swift; path = ViewController.swift; sourceTree = "<group>"; };
		BE4E203C244FC05A00694577 /* Assets.xcassets */ = {isa = PBXFileReference; lastKnownFileType = folder.assetcatalog; path = Assets.xcassets; sourceTree = "<group>"; };
		BE4E203F244FC05A00694577 /* Base */ = {isa = PBXFileReference; lastKnownFileType = file.storyboard; name = Base; path = Base.lproj/LaunchScreen.storyboard; sourceTree = "<group>"; };
		BE4E2041244FC05A00694577 /* Info.plist */ = {isa = PBXFileReference; lastKnownFileType = text.plist.xml; path = Info.plist; sourceTree = "<group>"; };
		BE4E2046244FC05A00694577 /* InitialStepsTests.xctest */ = {isa = PBXFileReference; explicitFileType = wrapper.cfbundle; includeInIndex = 0; path = InitialStepsTests.xctest; sourceTree = BUILT_PRODUCTS_DIR; };
		BE4E204A244FC05A00694577 /* InitialStepsTests.swift */ = {isa = PBXFileReference; lastKnownFileType = sourcecode.swift; path = InitialStepsTests.swift; sourceTree = "<group>"; };
		BE4E204C244FC05A00694577 /* Info.plist */ = {isa = PBXFileReference; lastKnownFileType = text.plist.xml; path = Info.plist; sourceTree = "<group>"; };
		BE4E2051244FC05A00694577 /* InitialStepsUITests.xctest */ = {isa = PBXFileReference; explicitFileType = wrapper.cfbundle; includeInIndex = 0; path = InitialStepsUITests.xctest; sourceTree = BUILT_PRODUCTS_DIR; };
		BE4E2055244FC05A00694577 /* InitialStepsUITests.swift */ = {isa = PBXFileReference; lastKnownFileType = sourcecode.swift; path = InitialStepsUITests.swift; sourceTree = "<group>"; };
		BE4E2057244FC05A00694577 /* Info.plist */ = {isa = PBXFileReference; lastKnownFileType = text.plist.xml; path = Info.plist; sourceTree = "<group>"; };
		BE4E2063244FC6F700694577 /* MainScreen.swift */ = {isa = PBXFileReference; lastKnownFileType = sourcecode.swift; path = MainScreen.swift; sourceTree = "<group>"; };
		CFF726892570F4CA2B19F469 /* Pods-InitialSteps.release.xcconfig */ = {isa = PBXFileReference; includeInIndex = 1; lastKnownFileType = text.xcconfig; name = "Pods-InitialSteps.release.xcconfig"; path = "Target Support Files/Pods-InitialSteps/Pods-InitialSteps.release.xcconfig"; sourceTree = "<group>"; };
		FFE697B5EB8217FFE80EB7D4 /* Pods_InitialStepsTests.framework */ = {isa = PBXFileReference; explicitFileType = wrapper.framework; includeInIndex = 0; path = Pods_InitialStepsTests.framework; sourceTree = BUILT_PRODUCTS_DIR; };
/* End PBXFileReference section */

/* Begin PBXFrameworksBuildPhase section */
		BE4E202D244FC05700694577 /* Frameworks */ = {
			isa = PBXFrameworksBuildPhase;
			buildActionMask = 2147483647;
			files = (
				C78F833E636DE6C8902087DE /* Pods_InitialSteps.framework in Frameworks */,
			);
			runOnlyForDeploymentPostprocessing = 0;
		};
		BE4E2043244FC05A00694577 /* Frameworks */ = {
			isa = PBXFrameworksBuildPhase;
			buildActionMask = 2147483647;
			files = (
				C9D9EA10EA75914539ED44D9 /* Pods_InitialStepsTests.framework in Frameworks */,
			);
			runOnlyForDeploymentPostprocessing = 0;
		};
		BE4E204E244FC05A00694577 /* Frameworks */ = {
			isa = PBXFrameworksBuildPhase;
			buildActionMask = 2147483647;
			files = (
				22831A82F982A196B0AA7AAB /* Pods_InitialSteps_InitialStepsUITests.framework in Frameworks */,
			);
			runOnlyForDeploymentPostprocessing = 0;
		};
/* End PBXFrameworksBuildPhase section */

/* Begin PBXGroup section */
		AD4271C3980789995CBB10D4 /* Frameworks */ = {
			isa = PBXGroup;
			children = (
				6904395E71AF02C6CBCACDAC /* Pods_InitialSteps.framework */,
				AAFAF9A65C4F283FF7E5B1D7 /* Pods_InitialSteps_InitialStepsUITests.framework */,
				FFE697B5EB8217FFE80EB7D4 /* Pods_InitialStepsTests.framework */,
			);
			name = Frameworks;
			sourceTree = "<group>";
		};
		B7375424ECEE4E2F0754077B /* Pods */ = {
			isa = PBXGroup;
			children = (
				472CE0732CDEC128A7E10860 /* Pods-InitialSteps.debug.xcconfig */,
				CFF726892570F4CA2B19F469 /* Pods-InitialSteps.release.xcconfig */,
				9CC2DB698A8DFCF715C75FA2 /* Pods-InitialSteps-InitialStepsUITests.debug.xcconfig */,
				5B6A489BBB9EE67CD5488384 /* Pods-InitialSteps-InitialStepsUITests.release.xcconfig */,
				887D3CAB574D6FD7733109D4 /* Pods-InitialStepsTests.debug.xcconfig */,
				6AEAD5287B27F9AF64EABAA8 /* Pods-InitialStepsTests.release.xcconfig */,
			);
			name = Pods;
			path = Pods;
			sourceTree = "<group>";
		};
		BE4E2027244FC05700694577 = {
			isa = PBXGroup;
			children = (
				BE4E2032244FC05700694577 /* InitialSteps */,
				BE4E2049244FC05A00694577 /* InitialStepsTests */,
				BE4E2054244FC05A00694577 /* InitialStepsUITests */,
				BE4E2031244FC05700694577 /* Products */,
				B7375424ECEE4E2F0754077B /* Pods */,
				AD4271C3980789995CBB10D4 /* Frameworks */,
			);
			sourceTree = "<group>";
		};
		BE4E2031244FC05700694577 /* Products */ = {
			isa = PBXGroup;
			children = (
				BE4E2030244FC05700694577 /* InitialSteps.app */,
				BE4E2046244FC05A00694577 /* InitialStepsTests.xctest */,
				BE4E2051244FC05A00694577 /* InitialStepsUITests.xctest */,
			);
			name = Products;
			sourceTree = "<group>";
		};
		BE4E2032244FC05700694577 /* InitialSteps */ = {
			isa = PBXGroup;
			children = (
				BE4E2033244FC05700694577 /* AppDelegate.swift */,
				BE4E2035244FC05700694577 /* SceneDelegate.swift */,
				BE4E2037244FC05700694577 /* ViewController.swift */,
				BE4E203C244FC05A00694577 /* Assets.xcassets */,
				BE4E203E244FC05A00694577 /* LaunchScreen.storyboard */,
				BE4E2041244FC05A00694577 /* Info.plist */,
				BE4E2063244FC6F700694577 /* MainScreen.swift */,
			);
			path = InitialSteps;
			sourceTree = "<group>";
		};
		BE4E2049244FC05A00694577 /* InitialStepsTests */ = {
			isa = PBXGroup;
			children = (
				BE4E204A244FC05A00694577 /* InitialStepsTests.swift */,
				BE4E204C244FC05A00694577 /* Info.plist */,
			);
			path = InitialStepsTests;
			sourceTree = "<group>";
		};
		BE4E2054244FC05A00694577 /* InitialStepsUITests */ = {
			isa = PBXGroup;
			children = (
				BE4E2055244FC05A00694577 /* InitialStepsUITests.swift */,
				BE4E2057244FC05A00694577 /* Info.plist */,
			);
			path = InitialStepsUITests;
			sourceTree = "<group>";
		};
/* End PBXGroup section */

/* Begin PBXNativeTarget section */
		BE4E202F244FC05700694577 /* InitialSteps */ = {
			isa = PBXNativeTarget;
			buildConfigurationList = BE4E205A244FC05A00694577 /* Build configuration list for PBXNativeTarget "InitialSteps" */;
			buildPhases = (
				F196FF0AF5DA8E201A00C373 /* [CP] Check Pods Manifest.lock */,
				BE4E202C244FC05700694577 /* Sources */,
				BE4E202D244FC05700694577 /* Frameworks */,
				BE4E202E244FC05700694577 /* Resources */,
				0ECE3880A0243AB1E8C1465D /* [CP] Embed Pods Frameworks */,
			);
			buildRules = (
			);
			dependencies = (
			);
			name = InitialSteps;
			productName = InitialSteps;
			productReference = BE4E2030244FC05700694577 /* InitialSteps.app */;
			productType = "com.apple.product-type.application";
		};
		BE4E2045244FC05A00694577 /* InitialStepsTests */ = {
			isa = PBXNativeTarget;
			buildConfigurationList = BE4E205D244FC05A00694577 /* Build configuration list for PBXNativeTarget "InitialStepsTests" */;
			buildPhases = (
				9BA4031C37AF3F9606917A1E /* [CP] Check Pods Manifest.lock */,
				BE4E2042244FC05A00694577 /* Sources */,
				BE4E2043244FC05A00694577 /* Frameworks */,
				BE4E2044244FC05A00694577 /* Resources */,
			);
			buildRules = (
			);
			dependencies = (
				BE4E2048244FC05A00694577 /* PBXTargetDependency */,
			);
			name = InitialStepsTests;
			productName = InitialStepsTests;
			productReference = BE4E2046244FC05A00694577 /* InitialStepsTests.xctest */;
			productType = "com.apple.product-type.bundle.unit-test";
		};
		BE4E2050244FC05A00694577 /* InitialStepsUITests */ = {
			isa = PBXNativeTarget;
			buildConfigurationList = BE4E2060244FC05A00694577 /* Build configuration list for PBXNativeTarget "InitialStepsUITests" */;
			buildPhases = (
				8B9C63E0C48D1890AA84BD35 /* [CP] Check Pods Manifest.lock */,
				BE4E204D244FC05A00694577 /* Sources */,
				BE4E204E244FC05A00694577 /* Frameworks */,
				BE4E204F244FC05A00694577 /* Resources */,
				CCE02948D6933708D4AA3027 /* [CP] Embed Pods Frameworks */,
			);
			buildRules = (
			);
			dependencies = (
				BE4E2053244FC05A00694577 /* PBXTargetDependency */,
			);
			name = InitialStepsUITests;
			productName = InitialStepsUITests;
			productReference = BE4E2051244FC05A00694577 /* InitialStepsUITests.xctest */;
			productType = "com.apple.product-type.bundle.ui-testing";
		};
/* End PBXNativeTarget section */

/* Begin PBXProject section */
		BE4E2028244FC05700694577 /* Project object */ = {
			isa = PBXProject;
			attributes = {
				LastSwiftUpdateCheck = 1140;
				LastUpgradeCheck = 1140;
				ORGANIZATIONNAME = "Wellington Pereira";
				TargetAttributes = {
					BE4E202F244FC05700694577 = {
						CreatedOnToolsVersion = 11.4.1;
					};
					BE4E2045244FC05A00694577 = {
						CreatedOnToolsVersion = 11.4.1;
						TestTargetID = BE4E202F244FC05700694577;
					};
					BE4E2050244FC05A00694577 = {
						CreatedOnToolsVersion = 11.4.1;
						TestTargetID = BE4E202F244FC05700694577;
					};
				};
			};
			buildConfigurationList = BE4E202B244FC05700694577 /* Build configuration list for PBXProject "InitialSteps" */;
			compatibilityVersion = "Xcode 9.3";
			developmentRegion = en;
			hasScannedForEncodings = 0;
			knownRegions = (
				en,
				Base,
			);
			mainGroup = BE4E2027244FC05700694577;
			productRefGroup = BE4E2031244FC05700694577 /* Products */;
			projectDirPath = "";
			projectRoot = "";
			targets = (
				BE4E202F244FC05700694577 /* InitialSteps */,
				BE4E2045244FC05A00694577 /* InitialStepsTests */,
				BE4E2050244FC05A00694577 /* InitialStepsUITests */,
			);
		};
/* End PBXProject section */

/* Begin PBXResourcesBuildPhase section */
		BE4E202E244FC05700694577 /* Resources */ = {
			isa = PBXResourcesBuildPhase;
			buildActionMask = 2147483647;
			files = (
				BE4E2040244FC05A00694577 /* LaunchScreen.storyboard in Resources */,
				BE4E203D244FC05A00694577 /* Assets.xcassets in Resources */,
			);
			runOnlyForDeploymentPostprocessing = 0;
		};
		BE4E2044244FC05A00694577 /* Resources */ = {
			isa = PBXResourcesBuildPhase;
			buildActionMask = 2147483647;
			files = (
			);
			runOnlyForDeploymentPostprocessing = 0;
		};
		BE4E204F244FC05A00694577 /* Resources */ = {
			isa = PBXResourcesBuildPhase;
			buildActionMask = 2147483647;
			files = (
			);
			runOnlyForDeploymentPostprocessing = 0;
		};
/* End PBXResourcesBuildPhase section */

/* Begin PBXShellScriptBuildPhase section */
		0ECE3880A0243AB1E8C1465D /* [CP] Embed Pods Frameworks */ = {
			isa = PBXShellScriptBuildPhase;
			buildActionMask = 2147483647;
			files = (
			);
			inputFileListPaths = (
				"${PODS_ROOT}/Target Support Files/Pods-InitialSteps/Pods-InitialSteps-frameworks-${CONFIGURATION}-input-files.xcfilelist",
			);
			name = "[CP] Embed Pods Frameworks";
			outputFileListPaths = (
				"${PODS_ROOT}/Target Support Files/Pods-InitialSteps/Pods-InitialSteps-frameworks-${CONFIGURATION}-output-files.xcfilelist",
			);
			runOnlyForDeploymentPostprocessing = 0;
			shellPath = /bin/sh;
			shellScript = "\"${PODS_ROOT}/Target Support Files/Pods-InitialSteps/Pods-InitialSteps-frameworks.sh\"\n";
			showEnvVarsInLog = 0;
		};
		8B9C63E0C48D1890AA84BD35 /* [CP] Check Pods Manifest.lock */ = {
			isa = PBXShellScriptBuildPhase;
			buildActionMask = 2147483647;
			files = (
			);
			inputFileListPaths = (
			);
			inputPaths = (
				"${PODS_PODFILE_DIR_PATH}/Podfile.lock",
				"${PODS_ROOT}/Manifest.lock",
			);
			name = "[CP] Check Pods Manifest.lock";
			outputFileListPaths = (
			);
			outputPaths = (
				"$(DERIVED_FILE_DIR)/Pods-InitialSteps-InitialStepsUITests-checkManifestLockResult.txt",
			);
			runOnlyForDeploymentPostprocessing = 0;
			shellPath = /bin/sh;
			shellScript = "diff \"${PODS_PODFILE_DIR_PATH}/Podfile.lock\" \"${PODS_ROOT}/Manifest.lock\" > /dev/null\nif [ $? != 0 ] ; then\n    # print error to STDERR\n    echo \"error: The sandbox is not in sync with the Podfile.lock. Run 'pod install' or update your CocoaPods installation.\" >&2\n    exit 1\nfi\n# This output is used by Xcode 'outputs' to avoid re-running this script phase.\necho \"SUCCESS\" > \"${SCRIPT_OUTPUT_FILE_0}\"\n";
			showEnvVarsInLog = 0;
		};
		9BA4031C37AF3F9606917A1E /* [CP] Check Pods Manifest.lock */ = {
			isa = PBXShellScriptBuildPhase;
			buildActionMask = 2147483647;
			files = (
			);
			inputFileListPaths = (
			);
			inputPaths = (
				"${PODS_PODFILE_DIR_PATH}/Podfile.lock",
				"${PODS_ROOT}/Manifest.lock",
			);
			name = "[CP] Check Pods Manifest.lock";
			outputFileListPaths = (
			);
			outputPaths = (
				"$(DERIVED_FILE_DIR)/Pods-InitialStepsTests-checkManifestLockResult.txt",
			);
			runOnlyForDeploymentPostprocessing = 0;
			shellPath = /bin/sh;
			shellScript = "diff \"${PODS_PODFILE_DIR_PATH}/Podfile.lock\" \"${PODS_ROOT}/Manifest.lock\" > /dev/null\nif [ $? != 0 ] ; then\n    # print error to STDERR\n    echo \"error: The sandbox is not in sync with the Podfile.lock. Run 'pod install' or update your CocoaPods installation.\" >&2\n    exit 1\nfi\n# This output is used by Xcode 'outputs' to avoid re-running this script phase.\necho \"SUCCESS\" > \"${SCRIPT_OUTPUT_FILE_0}\"\n";
			showEnvVarsInLog = 0;
		};
		CCE02948D6933708D4AA3027 /* [CP] Embed Pods Frameworks */ = {
			isa = PBXShellScriptBuildPhase;
			buildActionMask = 2147483647;
			files = (
			);
			inputFileListPaths = (
				"${PODS_ROOT}/Target Support Files/Pods-InitialSteps-InitialStepsUITests/Pods-InitialSteps-InitialStepsUITests-frameworks-${CONFIGURATION}-input-files.xcfilelist",
			);
			name = "[CP] Embed Pods Frameworks";
			outputFileListPaths = (
				"${PODS_ROOT}/Target Support Files/Pods-InitialSteps-InitialStepsUITests/Pods-InitialSteps-InitialStepsUITests-frameworks-${CONFIGURATION}-output-files.xcfilelist",
			);
			runOnlyForDeploymentPostprocessing = 0;
			shellPath = /bin/sh;
			shellScript = "\"${PODS_ROOT}/Target Support Files/Pods-InitialSteps-InitialStepsUITests/Pods-InitialSteps-InitialStepsUITests-frameworks.sh\"\n";
			showEnvVarsInLog = 0;
		};
		F196FF0AF5DA8E201A00C373 /* [CP] Check Pods Manifest.lock */ = {
			isa = PBXShellScriptBuildPhase;
			buildActionMask = 2147483647;
			files = (
			);
			inputFileListPaths = (
			);
			inputPaths = (
				"${PODS_PODFILE_DIR_PATH}/Podfile.lock",
				"${PODS_ROOT}/Manifest.lock",
			);
			name = "[CP] Check Pods Manifest.lock";
			outputFileListPaths = (
			);
			outputPaths = (
				"$(DERIVED_FILE_DIR)/Pods-InitialSteps-checkManifestLockResult.txt",
			);
			runOnlyForDeploymentPostprocessing = 0;
			shellPath = /bin/sh;
			shellScript = "diff \"${PODS_PODFILE_DIR_PATH}/Podfile.lock\" \"${PODS_ROOT}/Manifest.lock\" > /dev/null\nif [ $? != 0 ] ; then\n    # print error to STDERR\n    echo \"error: The sandbox is not in sync with the Podfile.lock. Run 'pod install' or update your CocoaPods installation.\" >&2\n    exit 1\nfi\n# This output is used by Xcode 'outputs' to avoid re-running this script phase.\necho \"SUCCESS\" > \"${SCRIPT_OUTPUT_FILE_0}\"\n";
			showEnvVarsInLog = 0;
		};
/* End PBXShellScriptBuildPhase section */

/* Begin PBXSourcesBuildPhase section */
		BE4E202C244FC05700694577 /* Sources */ = {
			isa = PBXSourcesBuildPhase;
			buildActionMask = 2147483647;
			files = (
				BE4E2064244FC6F700694577 /* MainScreen.swift in Sources */,
				BE4E2038244FC05700694577 /* ViewController.swift in Sources */,
				BE4E2034244FC05700694577 /* AppDelegate.swift in Sources */,
				BE4E2036244FC05700694577 /* SceneDelegate.swift in Sources */,
			);
			runOnlyForDeploymentPostprocessing = 0;
		};
		BE4E2042244FC05A00694577 /* Sources */ = {
			isa = PBXSourcesBuildPhase;
			buildActionMask = 2147483647;
			files = (
				BE4E204B244FC05A00694577 /* InitialStepsTests.swift in Sources */,
			);
			runOnlyForDeploymentPostprocessing = 0;
		};
		BE4E204D244FC05A00694577 /* Sources */ = {
			isa = PBXSourcesBuildPhase;
			buildActionMask = 2147483647;
			files = (
				BE4E2056244FC05A00694577 /* InitialStepsUITests.swift in Sources */,
			);
			runOnlyForDeploymentPostprocessing = 0;
		};
/* End PBXSourcesBuildPhase section */

/* Begin PBXTargetDependency section */
		BE4E2048244FC05A00694577 /* PBXTargetDependency */ = {
			isa = PBXTargetDependency;
			target = BE4E202F244FC05700694577 /* InitialSteps */;
			targetProxy = BE4E2047244FC05A00694577 /* PBXContainerItemProxy */;
		};
		BE4E2053244FC05A00694577 /* PBXTargetDependency */ = {
			isa = PBXTargetDependency;
			target = BE4E202F244FC05700694577 /* InitialSteps */;
			targetProxy = BE4E2052244FC05A00694577 /* PBXContainerItemProxy */;
		};
/* End PBXTargetDependency section */

/* Begin PBXVariantGroup section */
		BE4E203E244FC05A00694577 /* LaunchScreen.storyboard */ = {
			isa = PBXVariantGroup;
			children = (
				BE4E203F244FC05A00694577 /* Base */,
			);
			name = LaunchScreen.storyboard;
			sourceTree = "<group>";
		};
/* End PBXVariantGroup section */

/* Begin XCBuildConfiguration section */
		BE4E2058244FC05A00694577 /* Debug */ = {
			isa = XCBuildConfiguration;
			buildSettings = {
				ALWAYS_SEARCH_USER_PATHS = NO;
				CLANG_ANALYZER_NONNULL = YES;
				CLANG_ANALYZER_NUMBER_OBJECT_CONVERSION = YES_AGGRESSIVE;
				CLANG_CXX_LANGUAGE_STANDARD = "gnu++14";
				CLANG_CXX_LIBRARY = "libc++";
				CLANG_ENABLE_MODULES = YES;
				CLANG_ENABLE_OBJC_ARC = YES;
				CLANG_ENABLE_OBJC_WEAK = YES;
				CLANG_WARN_BLOCK_CAPTURE_AUTORELEASING = YES;
				CLANG_WARN_BOOL_CONVERSION = YES;
				CLANG_WARN_COMMA = YES;
				CLANG_WARN_CONSTANT_CONVERSION = YES;
				CLANG_WARN_DEPRECATED_OBJC_IMPLEMENTATIONS = YES;
				CLANG_WARN_DIRECT_OBJC_ISA_USAGE = YES_ERROR;
				CLANG_WARN_DOCUMENTATION_COMMENTS = YES;
				CLANG_WARN_EMPTY_BODY = YES;
				CLANG_WARN_ENUM_CONVERSION = YES;
				CLANG_WARN_INFINITE_RECURSION = YES;
				CLANG_WARN_INT_CONVERSION = YES;
				CLANG_WARN_NON_LITERAL_NULL_CONVERSION = YES;
				CLANG_WARN_OBJC_IMPLICIT_RETAIN_SELF = YES;
				CLANG_WARN_OBJC_LITERAL_CONVERSION = YES;
				CLANG_WARN_OBJC_ROOT_CLASS = YES_ERROR;
				CLANG_WARN_RANGE_LOOP_ANALYSIS = YES;
				CLANG_WARN_STRICT_PROTOTYPES = YES;
				CLANG_WARN_SUSPICIOUS_MOVE = YES;
				CLANG_WARN_UNGUARDED_AVAILABILITY = YES_AGGRESSIVE;
				CLANG_WARN_UNREACHABLE_CODE = YES;
				CLANG_WARN__DUPLICATE_METHOD_MATCH = YES;
				COPY_PHASE_STRIP = NO;
				DEBUG_INFORMATION_FORMAT = dwarf;
				ENABLE_STRICT_OBJC_MSGSEND = YES;
				ENABLE_TESTABILITY = YES;
				GCC_C_LANGUAGE_STANDARD = gnu11;
				GCC_DYNAMIC_NO_PIC = NO;
				GCC_NO_COMMON_BLOCKS = YES;
				GCC_OPTIMIZATION_LEVEL = 0;
				GCC_PREPROCESSOR_DEFINITIONS = (
					"DEBUG=1",
					"$(inherited)",
				);
				GCC_WARN_64_TO_32_BIT_CONVERSION = YES;
				GCC_WARN_ABOUT_RETURN_TYPE = YES_ERROR;
				GCC_WARN_UNDECLARED_SELECTOR = YES;
				GCC_WARN_UNINITIALIZED_AUTOS = YES_AGGRESSIVE;
				GCC_WARN_UNUSED_FUNCTION = YES;
				GCC_WARN_UNUSED_VARIABLE = YES;
				IPHONEOS_DEPLOYMENT_TARGET = 13.4;
				MTL_ENABLE_DEBUG_INFO = INCLUDE_SOURCE;
				MTL_FAST_MATH = YES;
				ONLY_ACTIVE_ARCH = YES;
				SDKROOT = iphoneos;
				SWIFT_ACTIVE_COMPILATION_CONDITIONS = DEBUG;
				SWIFT_OPTIMIZATION_LEVEL = "-Onone";
			};
			name = Debug;
		};
		BE4E2059244FC05A00694577 /* Release */ = {
			isa = XCBuildConfiguration;
			buildSettings = {
				ALWAYS_SEARCH_USER_PATHS = NO;
				CLANG_ANALYZER_NONNULL = YES;
				CLANG_ANALYZER_NUMBER_OBJECT_CONVERSION = YES_AGGRESSIVE;
				CLANG_CXX_LANGUAGE_STANDARD = "gnu++14";
				CLANG_CXX_LIBRARY = "libc++";
				CLANG_ENABLE_MODULES = YES;
				CLANG_ENABLE_OBJC_ARC = YES;
				CLANG_ENABLE_OBJC_WEAK = YES;
				CLANG_WARN_BLOCK_CAPTURE_AUTORELEASING = YES;
				CLANG_WARN_BOOL_CONVERSION = YES;
				CLANG_WARN_COMMA = YES;
				CLANG_WARN_CONSTANT_CONVERSION = YES;
				CLANG_WARN_DEPRECATED_OBJC_IMPLEMENTATIONS = YES;
				CLANG_WARN_DIRECT_OBJC_ISA_USAGE = YES_ERROR;
				CLANG_WARN_DOCUMENTATION_COMMENTS = YES;
				CLANG_WARN_EMPTY_BODY = YES;
				CLANG_WARN_ENUM_CONVERSION = YES;
				CLANG_WARN_INFINITE_RECURSION = YES;
				CLANG_WARN_INT_CONVERSION = YES;
				CLANG_WARN_NON_LITERAL_NULL_CONVERSION = YES;
				CLANG_WARN_OBJC_IMPLICIT_RETAIN_SELF = YES;
				CLANG_WARN_OBJC_LITERAL_CONVERSION = YES;
				CLANG_WARN_OBJC_ROOT_CLASS = YES_ERROR;
				CLANG_WARN_RANGE_LOOP_ANALYSIS = YES;
				CLANG_WARN_STRICT_PROTOTYPES = YES;
				CLANG_WARN_SUSPICIOUS_MOVE = YES;
				CLANG_WARN_UNGUARDED_AVAILABILITY = YES_AGGRESSIVE;
				CLANG_WARN_UNREACHABLE_CODE = YES;
				CLANG_WARN__DUPLICATE_METHOD_MATCH = YES;
				COPY_PHASE_STRIP = NO;
				DEBUG_INFORMATION_FORMAT = "dwarf-with-dsym";
				ENABLE_NS_ASSERTIONS = NO;
				ENABLE_STRICT_OBJC_MSGSEND = YES;
				GCC_C_LANGUAGE_STANDARD = gnu11;
				GCC_NO_COMMON_BLOCKS = YES;
				GCC_WARN_64_TO_32_BIT_CONVERSION = YES;
				GCC_WARN_ABOUT_RETURN_TYPE = YES_ERROR;
				GCC_WARN_UNDECLARED_SELECTOR = YES;
				GCC_WARN_UNINITIALIZED_AUTOS = YES_AGGRESSIVE;
				GCC_WARN_UNUSED_FUNCTION = YES;
				GCC_WARN_UNUSED_VARIABLE = YES;
				IPHONEOS_DEPLOYMENT_TARGET = 13.4;
				MTL_ENABLE_DEBUG_INFO = NO;
				MTL_FAST_MATH = YES;
				SDKROOT = iphoneos;
				SWIFT_COMPILATION_MODE = wholemodule;
				SWIFT_OPTIMIZATION_LEVEL = "-O";
				VALIDATE_PRODUCT = YES;
			};
			name = Release;
		};
		BE4E205B244FC05A00694577 /* Debug */ = {
			isa = XCBuildConfiguration;
			baseConfigurationReference = 472CE0732CDEC128A7E10860 /* Pods-InitialSteps.debug.xcconfig */;
			buildSettings = {
				ASSETCATALOG_COMPILER_APPICON_NAME = AppIcon;
				CODE_SIGN_STYLE = Automatic;
				INFOPLIST_FILE = InitialSteps/Info.plist;
				LD_RUNPATH_SEARCH_PATHS = (
					"$(inherited)",
					"@executable_path/Frameworks",
				);
				PRODUCT_BUNDLE_IDENTIFIER = io.github.wellingtoncosta.InitialSteps;
				PRODUCT_NAME = "$(TARGET_NAME)";
				SWIFT_VERSION = 5.0;
				TARGETED_DEVICE_FAMILY = 1;
			};
			name = Debug;
		};
		BE4E205C244FC05A00694577 /* Release */ = {
			isa = XCBuildConfiguration;
			baseConfigurationReference = CFF726892570F4CA2B19F469 /* Pods-InitialSteps.release.xcconfig */;
			buildSettings = {
				ASSETCATALOG_COMPILER_APPICON_NAME = AppIcon;
				CODE_SIGN_STYLE = Automatic;
				INFOPLIST_FILE = InitialSteps/Info.plist;
				LD_RUNPATH_SEARCH_PATHS = (
					"$(inherited)",
					"@executable_path/Frameworks",
				);
				PRODUCT_BUNDLE_IDENTIFIER = io.github.wellingtoncosta.InitialSteps;
				PRODUCT_NAME = "$(TARGET_NAME)";
				SWIFT_VERSION = 5.0;
				TARGETED_DEVICE_FAMILY = 1;
			};
			name = Release;
		};
		BE4E205E244FC05A00694577 /* Debug */ = {
			isa = XCBuildConfiguration;
			baseConfigurationReference = 887D3CAB574D6FD7733109D4 /* Pods-InitialStepsTests.debug.xcconfig */;
			buildSettings = {
				ALWAYS_EMBED_SWIFT_STANDARD_LIBRARIES = YES;
				BUNDLE_LOADER = "$(TEST_HOST)";
				CODE_SIGN_STYLE = Automatic;
				INFOPLIST_FILE = InitialStepsTests/Info.plist;
				IPHONEOS_DEPLOYMENT_TARGET = 13.4;
				LD_RUNPATH_SEARCH_PATHS = (
					"$(inherited)",
					"@executable_path/Frameworks",
					"@loader_path/Frameworks",
				);
				PRODUCT_BUNDLE_IDENTIFIER = io.github.wellingtoncosta.InitialStepsTests;
				PRODUCT_NAME = "$(TARGET_NAME)";
				SWIFT_VERSION = 5.0;
				TARGETED_DEVICE_FAMILY = "1,2";
				TEST_HOST = "$(BUILT_PRODUCTS_DIR)/InitialSteps.app/InitialSteps";
			};
			name = Debug;
		};
		BE4E205F244FC05A00694577 /* Release */ = {
			isa = XCBuildConfiguration;
			baseConfigurationReference = 6AEAD5287B27F9AF64EABAA8 /* Pods-InitialStepsTests.release.xcconfig */;
			buildSettings = {
				ALWAYS_EMBED_SWIFT_STANDARD_LIBRARIES = YES;
				BUNDLE_LOADER = "$(TEST_HOST)";
				CODE_SIGN_STYLE = Automatic;
				INFOPLIST_FILE = InitialStepsTests/Info.plist;
				IPHONEOS_DEPLOYMENT_TARGET = 13.4;
				LD_RUNPATH_SEARCH_PATHS = (
					"$(inherited)",
					"@executable_path/Frameworks",
					"@loader_path/Frameworks",
				);
				PRODUCT_BUNDLE_IDENTIFIER = io.github.wellingtoncosta.InitialStepsTests;
				PRODUCT_NAME = "$(TARGET_NAME)";
				SWIFT_VERSION = 5.0;
				TARGETED_DEVICE_FAMILY = "1,2";
				TEST_HOST = "$(BUILT_PRODUCTS_DIR)/InitialSteps.app/InitialSteps";
			};
			name = Release;
		};
		BE4E2061244FC05A00694577 /* Debug */ = {
			isa = XCBuildConfiguration;
			baseConfigurationReference = 9CC2DB698A8DFCF715C75FA2 /* Pods-InitialSteps-InitialStepsUITests.debug.xcconfig */;
			buildSettings = {
				ALWAYS_EMBED_SWIFT_STANDARD_LIBRARIES = YES;
				CODE_SIGN_STYLE = Automatic;
				INFOPLIST_FILE = InitialStepsUITests/Info.plist;
				LD_RUNPATH_SEARCH_PATHS = (
					"$(inherited)",
					"@executable_path/Frameworks",
					"@loader_path/Frameworks",
				);
				PRODUCT_BUNDLE_IDENTIFIER = io.github.wellingtoncosta.InitialStepsUITests;
				PRODUCT_NAME = "$(TARGET_NAME)";
				SWIFT_VERSION = 5.0;
				TARGETED_DEVICE_FAMILY = "1,2";
				TEST_TARGET_NAME = InitialSteps;
			};
			name = Debug;
		};
		BE4E2062244FC05A00694577 /* Release */ = {
			isa = XCBuildConfiguration;
			baseConfigurationReference = 5B6A489BBB9EE67CD5488384 /* Pods-InitialSteps-InitialStepsUITests.release.xcconfig */;
			buildSettings = {
				ALWAYS_EMBED_SWIFT_STANDARD_LIBRARIES = YES;
				CODE_SIGN_STYLE = Automatic;
				INFOPLIST_FILE = InitialStepsUITests/Info.plist;
				LD_RUNPATH_SEARCH_PATHS = (
					"$(inherited)",
					"@executable_path/Frameworks",
					"@loader_path/Frameworks",
				);
				PRODUCT_BUNDLE_IDENTIFIER = io.github.wellingtoncosta.InitialStepsUITests;
				PRODUCT_NAME = "$(TARGET_NAME)";
				SWIFT_VERSION = 5.0;
				TARGETED_DEVICE_FAMILY = "1,2";
				TEST_TARGET_NAME = InitialSteps;
			};
			name = Release;
		};
/* End XCBuildConfiguration section */

/* Begin XCConfigurationList section */
		BE4E202B244FC05700694577 /* Build configuration list for PBXProject "InitialSteps" */ = {
			isa = XCConfigurationList;
			buildConfigurations = (
				BE4E2058244FC05A00694577 /* Debug */,
				BE4E2059244FC05A00694577 /* Release */,
			);
			defaultConfigurationIsVisible = 0;
			defaultConfigurationName = Release;
		};
		BE4E205A244FC05A00694577 /* Build configuration list for PBXNativeTarget "InitialSteps" */ = {
			isa = XCConfigurationList;
			buildConfigurations = (
				BE4E205B244FC05A00694577 /* Debug */,
				BE4E205C244FC05A00694577 /* Release */,
			);
			defaultConfigurationIsVisible = 0;
			defaultConfigurationName = Release;
		};
		BE4E205D244FC05A00694577 /* Build configuration list for PBXNativeTarget "InitialStepsTests" */ = {
			isa = XCConfigurationList;
			buildConfigurations = (
				BE4E205E244FC05A00694577 /* Debug */,
				BE4E205F244FC05A00694577 /* Release */,
			);
			defaultConfigurationIsVisible = 0;
			defaultConfigurationName = Release;
		};
		BE4E2060244FC05A00694577 /* Build configuration list for PBXNativeTarget "InitialStepsUITests" */ = {
			isa = XCConfigurationList;
			buildConfigurations = (
				BE4E2061244FC05A00694577 /* Debug */,
				BE4E2062244FC05A00694577 /* Release */,
			);
			defaultConfigurationIsVisible = 0;
			defaultConfigurationName = Release;
		};
/* End XCConfigurationList section */
	};
	rootObject = BE4E2028244FC05700694577 /* Project object */;
}
